<?xml version="1.0" encoding="utf-8"?>
<Project xmlns="http://schemas.microsoft.com/developer/msbuild/2003">
  <ItemGroup>
    <Filter Include="Form Files">
      <UniqueIdentifier>{99349809-55BA-4b9d-BF79-8FDBB0286EB3}</UniqueIdentifier>
      <Extensions>ui</Extensions>
      <ParseFiles>false</ParseFiles>
    </Filter>
    <Filter Include="Form Files">
      <UniqueIdentifier>{99349809-55BA-4b9d-BF79-8FDBB0286EB3}</UniqueIdentifier>
      <Extensions>ui</Extensions>
      <ParseFiles>false</ParseFiles>
    </Filter>
    <Filter Include="Generated Files">
      <UniqueIdentifier>{71ED8ED8-ACB9-4CE9-BBE1-E00B30144E11}</UniqueIdentifier>
      <Extensions>cpp;c;cxx;moc;h;def;odl;idl;res;</Extensions>
    </Filter>
    <Filter Include="Generated Files">
      <UniqueIdentifier>{71ED8ED8-ACB9-4CE9-BBE1-E00B30144E11}</UniqueIdentifier>
      <Extensions>cpp;c;cxx;moc;h;def;odl;idl;res;</Extensions>
    </Filter>
    <Filter Include="Header Files">
      <UniqueIdentifier>{93995380-89BD-4b04-88EB-625FBE52EBFB}</UniqueIdentifier>
      <Extensions>h;hpp;hxx;hm;inl;inc;xsd</Extensions>
    </Filter>
    <Filter Include="Source Files">
      <UniqueIdentifier>{4FC737F1-C7A5-4376-A066-2A32D752A2FF}</UniqueIdentifier>
      <Extensions>cpp;c;cxx;def;odl;idl;hpj;bat;asm;asmx</Extensions>
    </Filter>
    <Filter Include="Qt">
      <UniqueIdentifier>{5c8aba64-000a-4ddf-9513-8dfde0a33797}</UniqueIdentifier>
    </Filter>
    <Filter Include="Reversi">
      <UniqueIdentifier>{fa29e26c-7f23-4034-b146-2770601c5e5b}</UniqueIdentifier>
    </Filter>
    <Filter Include="Reversi\Player">
      <UniqueIdentifier>{a923a1ac-2c23-42fb-bfe3-d6b5f27c2286}</UniqueIdentifier>
    </Filter>
    <Filter Include="Reversi\Header Files">
      <UniqueIdentifier>{d56306d5-8fe5-40d3-99e5-c8a47955ee80}</UniqueIdentifier>
    </Filter>
    <Filter Include="Reversi\Source Files">
      <UniqueIdentifier>{14f7bd12-2062-426d-9523-8f3c04f70989}</UniqueIdentifier>
    </Filter>
    <Filter Include="Generated Files\Debug">
      <UniqueIdentifier>{e7ddb048-fcb2-4d3a-8282-5455a90ff037}</UniqueIdentifier>
      <Extensions>cpp;moc</Extensions>
      <SourceControlFiles>False</SourceControlFiles>
    </Filter>
    <Filter Include="Generated Files\Release">
      <UniqueIdentifier>{41d20494-bfa0-4533-a26d-138a5cf819d5}</UniqueIdentifier>
      <Extensions>cpp;moc</Extensions>
      <SourceControlFiles>False</SourceControlFiles>
    </Filter>
  </ItemGroup>
  <ItemGroup>
    <ClCompile Include="GeneratedFiles\Debug\moc_mainwindow.cpp">
      <Filter>Generated Files</Filter>
    </ClCompile>
    <ClCompile Include="GeneratedFiles\Release\moc_mainwindow.cpp">
      <Filter>Generated Files</Filter>
    </ClCompile>
    <ClCompile Include="mainwindow.cpp">
      <Filter>Qt</Filter>
    </ClCompile>
    <ClCompile Include="main.cpp">
      <Filter>Qt</Filter>
    </ClCompile>
    <ClCompile Include="human.cpp">
      <Filter>Reversi\Player</Filter>
    </ClCompile>
    <ClCompile Include="player.cpp">
      <Filter>Reversi\Player</Filter>
    </ClCompile>
    <ClCompile Include="board.cpp">
      <Filter>Reversi\Source Files</Filter>
    </ClCompile>
    <ClCompile Include="cell.cpp">
      <Filter>Reversi\Source Files</Filter>
    </ClCompile>
    <ClCompile Include="reversi.cpp">
      <Filter>Reversi\Source Files</Filter>
    </ClCompile>
    <ClCompile Include="stone.cpp">
      <Filter>Reversi\Source Files</Filter>
    </ClCompile>
    <ClCompile Include="GeneratedFiles\Debug\moc_reversi.cpp">
      <Filter>Generated Files\Debug</Filter>
    </ClCompile>
    <ClCompile Include="GeneratedFiles\Release\moc_reversi.cpp">
      <Filter>Generated Files\Release</Filter>
    </ClCompile>
  </ItemGroup>
  <ItemGroup>
    <ClInclude Include="GeneratedFiles\ui_mainwindow.h">
      <Filter>Generated Files</Filter>
    </ClInclude>
    <ClInclude Include="human.h">
      <Filter>Reversi\Player</Filter>
    </ClInclude>
    <ClInclude Include="player.h">
      <Filter>Reversi\Player</Filter>
    </ClInclude>
    <ClInclude Include="board.h">
      <Filter>Reversi\Header Files</Filter>
    </ClInclude>
    <ClInclude Include="cell.h">
      <Filter>Reversi\Header Files</Filter>
    </ClInclude>
    <ClInclude Include="stone.h">
      <Filter>Reversi\Header Files</Filter>
    </ClInclude>
    <ClInclude Include="common.h">
      <Filter>Reversi\Header Files</Filter>
    </ClInclude>
  </ItemGroup>
  <ItemGroup>
    <CustomBuild Include="debug\moc_predefs.h.cbt">
      <Filter>Generated Files</Filter>
    </CustomBuild>
    <CustomBuild Include="release\moc_predefs.h.cbt">
      <Filter>Generated Files</Filter>
    </CustomBuild>
    <CustomBuild Include="mainwindow.h">
      <Filter>Qt</Filter>
    </CustomBuild>
    <CustomBuild Include="reversi.h">
      <Filter>Reversi\Header Files</Filter>
    </CustomBuild>
  </ItemGroup>
  <ItemGroup>
    <CustomBuild Include="mainwindow.ui">
      <Filter>Form Files</Filter>
    </CustomBuild>
  </ItemGroup>
</Project>